Microsoft Visual Studio Solution File, Format Version 9.00
Project("{8BC9CEB8-8B4A-11D0-8D11-00A0C91BC942}") = "tranceiver", "Z:/Projects/qserialport-1.0.0a/examples/tranceiver\tranceiver.vcproj", "{9235BCB8-A090-39DC-BCBC-BB896EB8B9A6}"
EndProject
Project("{8BC9CEB8-8B4A-11D0-8D11-00A0C91BC942}") = "serial2tcpbridge", "Z:/Projects/qserialport-1.0.0a/examples/serial2tcpbridge\serial2tcpbridge.vcproj", "{6D4EFE57-2A4D-3C62-878C-5A114607BA08}"
EndProject
Project("{8BC9CEB8-8B4A-11D0-8D11-00A0C91BC942}") = "echo_eventmode", "Z:/Projects/qserialport-1.0.0a/examples/echo_eventmode\echo_eventmode.vcproj", "{349036AA-0163-3CE3-AF1B-E351A81840ED}"
EndProject
Project("{8BC9CEB8-8B4A-11D0-8D11-00A0C91BC942}") = "echo_pollingmode", "Z:/Projects/qserialport-1.0.0a/examples/echo_pollingmode\echo_pollingmode.vcproj", "{A8F8F917-EC72-3CD6-A2F9-119E42854688}"
EndProject
Global
	GlobalSection(SolutionConfiguration) = preSolution
		ConfigName.0 = Debug|Win32
		ConfigName.1 = Release|Win32
	EndGlobalSection
	GlobalSection(ProjectDependencies) = postSolution
	EndGlobalSection
	GlobalSection(ProjectConfiguration) = postSolution
		{9235BCB8-A090-39DC-BCBC-BB896EB8B9A6}.Debug|Win32.ActiveCfg = Debug|Win32
		{9235BCB8-A090-39DC-BCBC-BB896EB8B9A6}.Debug|Win32.Build.0 = Debug|Win32
		{9235BCB8-A090-39DC-BCBC-BB896EB8B9A6}.Release|Win32.ActiveCfg = Release|Win32
		{9235BCB8-A090-39DC-BCBC-BB896EB8B9A6}.Release|Win32.Build.0 = Release|Win32
		{6D4EFE57-2A4D-3C62-878C-5A114607BA08}.Debug|Win32.ActiveCfg = Debug|Win32
		{6D4EFE57-2A4D-3C62-878C-5A114607BA08}.Debug|Win32.Build.0 = Debug|Win32
		{6D4EFE57-2A4D-3C62-878C-5A114607BA08}.Release|Win32.ActiveCfg = Release|Win32
		{6D4EFE57-2A4D-3C62-878C-5A114607BA08}.Release|Win32.Build.0 = Release|Win32
		{349036AA-0163-3CE3-AF1B-E351A81840ED}.Debug|Win32.ActiveCfg = Debug|Win32
		{349036AA-0163-3CE3-AF1B-E351A81840ED}.Debug|Win32.Build.0 = Debug|Win32
		{349036AA-0163-3CE3-AF1B-E351A81840ED}.Release|Win32.ActiveCfg = Release|Win32
		{349036AA-0163-3CE3-AF1B-E351A81840ED}.Release|Win32.Build.0 = Release|Win32
		{A8F8F917-EC72-3CD6-A2F9-119E42854688}.Debug|Win32.ActiveCfg = Debug|Win32
		{A8F8F917-EC72-3CD6-A2F9-119E42854688}.Debug|Win32.Build.0 = Debug|Win32
		{A8F8F917-EC72-3CD6-A2F9-119E42854688}.Release|Win32.ActiveCfg = Release|Win32
		{A8F8F917-EC72-3CD6-A2F9-119E42854688}.Release|Win32.Build.0 = Release|Win32
	EndGlobalSection
	GlobalSection(ExtensibilityGlobals) = postSolution
	EndGlobalSection
	GlobalSection(ExtensibilityAddIns) = postSolution
	EndGlobalSection
EndGlobal