Microsoft Visual Studio Solution File, Format Version 9.00
Project("{8BC9CEB8-8B4A-11D0-8D11-00A0C91BC942}") = "qserialportunittest", "Z:/Projects/qserialport-1.0.0a/unittest/qserialportunittest\qserialportunittest.vcproj", "{F67CEDB5-A15F-33FB-8A0B-B6BEB41CC5B5}"
EndProject
Global
	GlobalSection(SolutionConfiguration) = preSolution
		ConfigName.0 = Debug|Win32
		ConfigName.1 = Release|Win32
	EndGlobalSection
	GlobalSection(ProjectDependencies) = postSolution
	EndGlobalSection
	GlobalSection(ProjectConfiguration) = postSolution
		{F67CEDB5-A15F-33FB-8A0B-B6BEB41CC5B5}.Debug|Win32.ActiveCfg = Debug|Win32
		{F67CEDB5-A15F-33FB-8A0B-B6BEB41CC5B5}.Debug|Win32.Build.0 = Debug|Win32
		{F67CEDB5-A15F-33FB-8A0B-B6BEB41CC5B5}.Release|Win32.ActiveCfg = Release|Win32
		{F67CEDB5-A15F-33FB-8A0B-B6BEB41CC5B5}.Release|Win32.Build.0 = Release|Win32
	EndGlobalSection
	GlobalSection(ExtensibilityGlobals) = postSolution
	EndGlobalSection
	GlobalSection(ExtensibilityAddIns) = postSolution
	EndGlobalSection
EndGlobal